
Microsoft Visual Studio Solution File, Format Version 12.00
# Visual Studio 15
VisualStudioVersion = 15.0.28307.102
MinimumVisualStudioVersion = 10.0.40219.1
Project("{9A19103F-16F7-4668-BE54-9A1E7A4F7556}") = "GeneradorInput", "GeneradorInput\GeneradorInput.csproj", "{C10C0269-2F43-4B90-9892-C6E3E16690F6}"
EndProject
Project("{9A19103F-16F7-4668-BE54-9A1E7A4F7556}") = "GeneradorButton", "GeneradorButton\GeneradorButton.csproj", "{ED96F5FB-281B-4E58-ABE0-26EC7F121024}"
EndProject
Project("{9A19103F-16F7-4668-BE54-9A1E7A4F7556}") = "GeneradorSelect", "GeneradorSelect\GeneradorSelect.csproj", "{86B87531-EB53-453D-A03D-015EBB28C861}"
EndProject
Project("{9A19103F-16F7-4668-BE54-9A1E7A4F7556}") = "Modelos", "Modelos\Modelos.csproj", "{11AFA295-DD1C-43D4-A9EA-8D15360D95B4}"
EndProject
Project("{9A19103F-16F7-4668-BE54-9A1E7A4F7556}") = "Fachada", "Fachada\Fachada.csproj", "{CB2F9E02-3AEA-4493-9B6A-78866C95B88A}"
<<<<<<< HEAD
EndProject
Project("{9A19103F-16F7-4668-BE54-9A1E7A4F7556}") = "GeneradorUI", "GeneradorUI\GeneradorUI.csproj", "{2ECCF25B-90E5-445D-8C8B-A70E1DFE6812}"
EndProject
Project("{FAE04EC0-301F-11D3-BF4B-00C04F79EFBC}") = "GeneradorGrid", "GeneradorGrid\GeneradorGrid.csproj", "{A3AA9652-31C3-4E03-B5DF-CB937BBBB331}"
=======
>>>>>>> controlModels
EndProject
Global
	GlobalSection(SolutionConfigurationPlatforms) = preSolution
		Debug|Any CPU = Debug|Any CPU
		Release|Any CPU = Release|Any CPU
	EndGlobalSection
	GlobalSection(ProjectConfigurationPlatforms) = postSolution
		{C10C0269-2F43-4B90-9892-C6E3E16690F6}.Debug|Any CPU.ActiveCfg = Debug|Any CPU
		{C10C0269-2F43-4B90-9892-C6E3E16690F6}.Debug|Any CPU.Build.0 = Debug|Any CPU
		{C10C0269-2F43-4B90-9892-C6E3E16690F6}.Release|Any CPU.ActiveCfg = Release|Any CPU
		{C10C0269-2F43-4B90-9892-C6E3E16690F6}.Release|Any CPU.Build.0 = Release|Any CPU
		{ED96F5FB-281B-4E58-ABE0-26EC7F121024}.Debug|Any CPU.ActiveCfg = Debug|Any CPU
		{ED96F5FB-281B-4E58-ABE0-26EC7F121024}.Debug|Any CPU.Build.0 = Debug|Any CPU
		{ED96F5FB-281B-4E58-ABE0-26EC7F121024}.Release|Any CPU.ActiveCfg = Release|Any CPU
		{ED96F5FB-281B-4E58-ABE0-26EC7F121024}.Release|Any CPU.Build.0 = Release|Any CPU
		{86B87531-EB53-453D-A03D-015EBB28C861}.Debug|Any CPU.ActiveCfg = Debug|Any CPU
		{86B87531-EB53-453D-A03D-015EBB28C861}.Debug|Any CPU.Build.0 = Debug|Any CPU
		{86B87531-EB53-453D-A03D-015EBB28C861}.Release|Any CPU.ActiveCfg = Release|Any CPU
		{86B87531-EB53-453D-A03D-015EBB28C861}.Release|Any CPU.Build.0 = Release|Any CPU
		{11AFA295-DD1C-43D4-A9EA-8D15360D95B4}.Debug|Any CPU.ActiveCfg = Debug|Any CPU
		{11AFA295-DD1C-43D4-A9EA-8D15360D95B4}.Debug|Any CPU.Build.0 = Debug|Any CPU
		{11AFA295-DD1C-43D4-A9EA-8D15360D95B4}.Release|Any CPU.ActiveCfg = Release|Any CPU
		{11AFA295-DD1C-43D4-A9EA-8D15360D95B4}.Release|Any CPU.Build.0 = Release|Any CPU
		{CB2F9E02-3AEA-4493-9B6A-78866C95B88A}.Debug|Any CPU.ActiveCfg = Debug|Any CPU
		{CB2F9E02-3AEA-4493-9B6A-78866C95B88A}.Debug|Any CPU.Build.0 = Debug|Any CPU
		{CB2F9E02-3AEA-4493-9B6A-78866C95B88A}.Release|Any CPU.ActiveCfg = Release|Any CPU
		{CB2F9E02-3AEA-4493-9B6A-78866C95B88A}.Release|Any CPU.Build.0 = Release|Any CPU
		{2ECCF25B-90E5-445D-8C8B-A70E1DFE6812}.Debug|Any CPU.ActiveCfg = Debug|Any CPU
		{2ECCF25B-90E5-445D-8C8B-A70E1DFE6812}.Debug|Any CPU.Build.0 = Debug|Any CPU
		{2ECCF25B-90E5-445D-8C8B-A70E1DFE6812}.Release|Any CPU.ActiveCfg = Release|Any CPU
		{2ECCF25B-90E5-445D-8C8B-A70E1DFE6812}.Release|Any CPU.Build.0 = Release|Any CPU
		{A3AA9652-31C3-4E03-B5DF-CB937BBBB331}.Debug|Any CPU.ActiveCfg = Debug|Any CPU
		{A3AA9652-31C3-4E03-B5DF-CB937BBBB331}.Debug|Any CPU.Build.0 = Debug|Any CPU
		{A3AA9652-31C3-4E03-B5DF-CB937BBBB331}.Release|Any CPU.ActiveCfg = Release|Any CPU
		{A3AA9652-31C3-4E03-B5DF-CB937BBBB331}.Release|Any CPU.Build.0 = Release|Any CPU
	EndGlobalSection
	GlobalSection(SolutionProperties) = preSolution
		HideSolutionNode = FALSE
	EndGlobalSection
	GlobalSection(ExtensibilityGlobals) = postSolution
		SolutionGuid = {E7E9543E-5E38-43A5-BACD-F527DD135F5F}
	EndGlobalSection
EndGlobal
